
Microsoft Visual Studio Solution File, Format Version 12.00
# Visual Studio Version 16
VisualStudioVersion = 16.0.31702.278
MinimumVisualStudioVersion = 10.0.40219.1
Project("{FAE04EC0-301F-11D3-BF4B-00C04F79EFBC}") = "ZooParkApi", "ZooParkApi\ZooParkApi.csproj", "{E96F63FA-F4D2-4F3A-AD07-F1FC724473DA}"
EndProject
Global
	GlobalSection(SolutionConfigurationPlatforms) = preSolution
		Debug|Any CPU = Debug|Any CPU
		Release|Any CPU = Release|Any CPU
	EndGlobalSection
	GlobalSection(ProjectConfigurationPlatforms) = postSolution
		{E96F63FA-F4D2-4F3A-AD07-F1FC724473DA}.Debug|Any CPU.ActiveCfg = Debug|Any CPU
		{E96F63FA-F4D2-4F3A-AD07-F1FC724473DA}.Debug|Any CPU.Build.0 = Debug|Any CPU
		{E96F63FA-F4D2-4F3A-AD07-F1FC724473DA}.Release|Any CPU.ActiveCfg = Release|Any CPU
		{E96F63FA-F4D2-4F3A-AD07-F1FC724473DA}.Release|Any CPU.Build.0 = Release|Any CPU
	EndGlobalSection
	GlobalSection(SolutionProperties) = preSolution
		HideSolutionNode = FALSE
	EndGlobalSection
	GlobalSection(ExtensibilityGlobals) = postSolution
		SolutionGuid = {B5C6A610-4DB7-41BB-BABF-7C379A9CF3E3}
	EndGlobalSection
EndGlobal
